
Microsoft Visual Studio Solution File, Format Version 12.00
# Visual Studio 15
VisualStudioVersion = 15.0.26228.4
MinimumVisualStudioVersion = 10.0.40219.1
Project("{FAE04EC0-301F-11D3-BF4B-00C04F79EFBC}") = "CHIP-8_Emulator", "CHIP-8_Emulator\CHIP-8_Emulator.csproj", "{D6871789-0C82-48C7-860B-2DB47A381C4B}"
EndProject
Global
	GlobalSection(SolutionConfigurationPlatforms) = preSolution
		Debug|Any CPU = Debug|Any CPU
		Release|Any CPU = Release|Any CPU
	EndGlobalSection
	GlobalSection(ProjectConfigurationPlatforms) = postSolution
		{D6871789-0C82-48C7-860B-2DB47A381C4B}.Debug|Any CPU.ActiveCfg = Debug|Any CPU
		{D6871789-0C82-48C7-860B-2DB47A381C4B}.Debug|Any CPU.Build.0 = Debug|Any CPU
		{D6871789-0C82-48C7-860B-2DB47A381C4B}.Release|Any CPU.ActiveCfg = Release|Any CPU
		{D6871789-0C82-48C7-860B-2DB47A381C4B}.Release|Any CPU.Build.0 = Release|Any CPU
	EndGlobalSection
	GlobalSection(SolutionProperties) = preSolution
		HideSolutionNode = FALSE
	EndGlobalSection
EndGlobal
